github.com/StackExchange/wmi v0.0.0-20190523213315-cbe66965904d h1:G0m3OIz70MZUWq3EgK3CesDbo8upS2Vm9/P3FtgI+Jk=
github.com/StackExchange/wmi v0.0.0-20190523213315-cbe66965904d/go.mod h1:3eOhrUMpNV+6aFIbp5/iudMxNCF27Vw2OZgy4xEx0Fg=
github.com/danil/bytefmt v0.0.0-20200117103302-6fd0a0c2a59e h1:TT/4QMhOnnnvdeR1DYZL5nNCJT3zJxuubwiDRDz4Grg=
github.com/danil/bytefmt v0.0.0-20200117103302-6fd0a0c2a59e/go.mod h1:oID7bUjjKscl6e2uzhcV6UjvyLpjzLYqkwBgzultWJc=
github.com/danil/plainstatus v0.0.0-20200118081903-d3119c6992a8 h1:BJ3TpQwZBr6hsSMlydX78imkz76LFWgrGv4+ZojKKO8=
github.com/danil/plainstatus v0.0.0-20200118081903-d3119c6992a8/go.mod h1:bBxG4ukNQvyWv2cy9SylLnQg2JeyV7pAzH8c7QCI2M8=
github.com/danil/plainstatus v0.0.0-20200118082300-a21c9c226f38 h1:gQosdjhiJH99/ZaGvyx2nik1tTf0nuVAFGHGHOUiFzU=
github.com/danil/plainstatus v0.0.0-20200118082300-a21c9c226f38/go.mod h1:bBxG4ukNQvyWv2cy9SylLnQg2JeyV7pAzH8c7QCI2M8=
github.com/danil/plainstatus v0.0.0-20200118155141-2a4d910e8663 h1:XkaVx5C8sePOzSwEm7gNWYj4MUGqbMtjbqiRhNvNGD4=
github.com/danil/plainstatus v0.0.0-20200118155141-2a4d910e8663/go.mod h1:bBxG4ukNQvyWv2cy9SylLnQg2JeyV7pAzH8c7QCI2M8=
github.com/danil/plainstatus v0.0.0-20200118164737-3b8df3291e8b h1:8ji/WO4A/KEDdJxdJ/1Q2ICEmx2XQA3cRz6gdEyYP60=
github.com/danil/plainstatus v0.0.0-20200118164737-3b8df3291e8b/go.mod h1:bBxG4ukNQvyWv2cy9SylLnQg2JeyV7pAzH8c7QCI2M8=
github.com/go-ole/go-ole v1.2.4 h1:nNBDSCOigTSiarFpYE9J/KtEA1IOW4CNeqT9TQDqCxI=
github.com/go-ole/go-ole v1.2.4/go.mod h1:XCwSNxSkXRo4vlyPy93sltvi/qJq0jqQhjqQNIwKuxM=
github.com/shirou/gopsutil v2.19.12+incompatible h1:WRstheAymn1WOPesh+24+bZKFkqrdCR8JOc77v4xV3Q=
github.com/shirou/gopsutil v2.19.12+incompatible/go.mod h1:5b4v6he4MtMOwMlS0TUMTu2PcXUg8+E1lC7eC3UO/RA=
golang.org/x/sys v0.0.0-20200116001909-b77594299b42 h1:vEOn+mP2zCOVzKckCZy6YsCtDblrpj/w7B9nxGNELpg=
golang.org/x/sys v0.0.0-20200116001909-b77594299b42/go.mod h1:h1NjWce9XRLGQEsW7wpKNCjG9DtNlClVuFLEZdDNbEs=
golang.org/x/sys v0.0.0-20200117145432-59e60aa80a0c h1:gUYreENmqtjZb2brVfUas1sC6UivSY8XwKwPo8tloLs=
golang.org/x/sys v0.0.0-20200117145432-59e60aa80a0c/go.mod h1:h1NjWce9XRLGQEsW7wpKNCjG9DtNlClVuFLEZdDNbEs=
